// !$*UTF8*$!
{
	archiveVersion = 1;
	classes = {
	};
	objectVersion = 56;
	objects = {

/* Begin PBXBuildFile section */
		40C5602B2B0B0E54009E887D /* MoonshotNavigationApp.swift in Sources */ = {isa = PBXBuildFile; fileRef = 40C5602A2B0B0E54009E887D /* MoonshotNavigationApp.swift */; };
		40C5602D2B0B0E54009E887D /* ContentView.swift in Sources */ = {isa = PBXBuildFile; fileRef = 40C5602C2B0B0E54009E887D /* ContentView.swift */; };
		40C5602F2B0B0E56009E887D /* Assets.xcassets in Resources */ = {isa = PBXBuildFile; fileRef = 40C5602E2B0B0E56009E887D /* Assets.xcassets */; };
		40C560322B0B0E56009E887D /* Preview Assets.xcassets in Resources */ = {isa = PBXBuildFile; fileRef = 40C560312B0B0E56009E887D /* Preview Assets.xcassets */; };
		40C560392B0B1020009E887D /* Astronaut.swift in Sources */ = {isa = PBXBuildFile; fileRef = 40C560382B0B1020009E887D /* Astronaut.swift */; };
		40C5603B2B0B1039009E887D /* Bundle-Decodable.swift in Sources */ = {isa = PBXBuildFile; fileRef = 40C5603A2B0B1039009E887D /* Bundle-Decodable.swift */; };
		40C5603D2B0B1158009E887D /* ListMissionsView.swift in Sources */ = {isa = PBXBuildFile; fileRef = 40C5603C2B0B1158009E887D /* ListMissionsView.swift */; };
		40C5603F2B0B120B009E887D /* missions.json in Resources */ = {isa = PBXBuildFile; fileRef = 40C5603E2B0B120B009E887D /* missions.json */; };
		40C560412B0B121B009E887D /* astronauts.json in Resources */ = {isa = PBXBuildFile; fileRef = 40C560402B0B121B009E887D /* astronauts.json */; };
		40C560432B0B122F009E887D /* MissionListItem.swift in Sources */ = {isa = PBXBuildFile; fileRef = 40C560422B0B122F009E887D /* MissionListItem.swift */; };
		40C560452B0B1247009E887D /* GridMissionsView.swift in Sources */ = {isa = PBXBuildFile; fileRef = 40C560442B0B1247009E887D /* GridMissionsView.swift */; };
		40C560472B0B1266009E887D /* MissionView.swift in Sources */ = {isa = PBXBuildFile; fileRef = 40C560462B0B1266009E887D /* MissionView.swift */; };
		40C560492B0B1283009E887D /* DividerView.swift in Sources */ = {isa = PBXBuildFile; fileRef = 40C560482B0B1283009E887D /* DividerView.swift */; };
		40C5604B2B0B1292009E887D /* AstronautView.swift in Sources */ = {isa = PBXBuildFile; fileRef = 40C5604A2B0B1292009E887D /* AstronautView.swift */; };
		40C5604D2B0B12AE009E887D /* Color-Theme.swift in Sources */ = {isa = PBXBuildFile; fileRef = 40C5604C2B0B12AE009E887D /* Color-Theme.swift */; };
		40C5604F2B0B12C4009E887D /* Mission.swift in Sources */ = {isa = PBXBuildFile; fileRef = 40C5604E2B0B12C4009E887D /* Mission.swift */; };
		40C560712B12C72B009E887D /* NavViewTest.swift in Sources */ = {isa = PBXBuildFile; fileRef = 40C560702B12C72B009E887D /* NavViewTest.swift */; };
/* End PBXBuildFile section */

/* Begin PBXFileReference section */
		40C560272B0B0E54009E887D /* MoonshotNavigation.app */ = {isa = PBXFileReference; explicitFileType = wrapper.application; includeInIndex = 0; path = MoonshotNavigation.app; sourceTree = BUILT_PRODUCTS_DIR; };
		40C5602A2B0B0E54009E887D /* MoonshotNavigationApp.swift */ = {isa = PBXFileReference; lastKnownFileType = sourcecode.swift; path = MoonshotNavigationApp.swift; sourceTree = "<group>"; };
		40C5602C2B0B0E54009E887D /* ContentView.swift */ = {isa = PBXFileReference; lastKnownFileType = sourcecode.swift; path = ContentView.swift; sourceTree = "<group>"; };
		40C5602E2B0B0E56009E887D /* Assets.xcassets */ = {isa = PBXFileReference; lastKnownFileType = folder.assetcatalog; path = Assets.xcassets; sourceTree = "<group>"; };
		40C560312B0B0E56009E887D /* Preview Assets.xcassets */ = {isa = PBXFileReference; lastKnownFileType = folder.assetcatalog; path = "Preview Assets.xcassets"; sourceTree = "<group>"; };
		40C560382B0B1020009E887D /* Astronaut.swift */ = {isa = PBXFileReference; lastKnownFileType = sourcecode.swift; path = Astronaut.swift; sourceTree = "<group>"; };
		40C5603A2B0B1039009E887D /* Bundle-Decodable.swift */ = {isa = PBXFileReference; lastKnownFileType = sourcecode.swift; path = "Bundle-Decodable.swift"; sourceTree = "<group>"; };
		40C5603C2B0B1158009E887D /* ListMissionsView.swift */ = {isa = PBXFileReference; lastKnownFileType = sourcecode.swift; path = ListMissionsView.swift; sourceTree = "<group>"; };
		40C5603E2B0B120B009E887D /* missions.json */ = {isa = PBXFileReference; fileEncoding = 4; lastKnownFileType = text.json; path = missions.json; sourceTree = "<group>"; };
		40C560402B0B121B009E887D /* astronauts.json */ = {isa = PBXFileReference; fileEncoding = 4; lastKnownFileType = text.json; path = astronauts.json; sourceTree = "<group>"; };
		40C560422B0B122F009E887D /* MissionListItem.swift */ = {isa = PBXFileReference; lastKnownFileType = sourcecode.swift; path = MissionListItem.swift; sourceTree = "<group>"; };
		40C560442B0B1247009E887D /* GridMissionsView.swift */ = {isa = PBXFileReference; lastKnownFileType = sourcecode.swift; path = GridMissionsView.swift; sourceTree = "<group>"; };
		40C560462B0B1266009E887D /* MissionView.swift */ = {isa = PBXFileReference; lastKnownFileType = sourcecode.swift; path = MissionView.swift; sourceTree = "<group>"; };
		40C560482B0B1283009E887D /* DividerView.swift */ = {isa = PBXFileReference; lastKnownFileType = sourcecode.swift; path = DividerView.swift; sourceTree = "<group>"; };
		40C5604A2B0B1292009E887D /* AstronautView.swift */ = {isa = PBXFileReference; lastKnownFileType = sourcecode.swift; path = AstronautView.swift; sourceTree = "<group>"; };
		40C5604C2B0B12AE009E887D /* Color-Theme.swift */ = {isa = PBXFileReference; lastKnownFileType = sourcecode.swift; path = "Color-Theme.swift"; sourceTree = "<group>"; };
		40C5604E2B0B12C4009E887D /* Mission.swift */ = {isa = PBXFileReference; lastKnownFileType = sourcecode.swift; path = Mission.swift; sourceTree = "<group>"; };
		40C560702B12C72B009E887D /* NavViewTest.swift */ = {isa = PBXFileReference; lastKnownFileType = sourcecode.swift; path = NavViewTest.swift; sourceTree = "<group>"; };
/* End PBXFileReference section */

/* Begin PBXFrameworksBuildPhase section */
		40C560242B0B0E54009E887D /* Frameworks */ = {
			isa = PBXFrameworksBuildPhase;
			buildActionMask = 2147483647;
			files = (
			);
			runOnlyForDeploymentPostprocessing = 0;
		};
/* End PBXFrameworksBuildPhase section */

/* Begin PBXGroup section */
		40C5601E2B0B0E54009E887D = {
			isa = PBXGroup;
			children = (
				40C560292B0B0E54009E887D /* MoonshotNavigation */,
				40C560282B0B0E54009E887D /* Products */,
			);
			sourceTree = "<group>";
		};
		40C560282B0B0E54009E887D /* Products */ = {
			isa = PBXGroup;
			children = (
				40C560272B0B0E54009E887D /* MoonshotNavigation.app */,
			);
			name = Products;
			sourceTree = "<group>";
		};
		40C560292B0B0E54009E887D /* MoonshotNavigation */ = {
			isa = PBXGroup;
			children = (
				40C5602A2B0B0E54009E887D /* MoonshotNavigationApp.swift */,
				40C5602C2B0B0E54009E887D /* ContentView.swift */,
				40C5603C2B0B1158009E887D /* ListMissionsView.swift */,
				40C560422B0B122F009E887D /* MissionListItem.swift */,
				40C560442B0B1247009E887D /* GridMissionsView.swift */,
				40C560462B0B1266009E887D /* MissionView.swift */,
				40C560702B12C72B009E887D /* NavViewTest.swift */,
				40C560482B0B1283009E887D /* DividerView.swift */,
				40C5604A2B0B1292009E887D /* AstronautView.swift */,
				40C5604C2B0B12AE009E887D /* Color-Theme.swift */,
				40C5604E2B0B12C4009E887D /* Mission.swift */,
				40C560382B0B1020009E887D /* Astronaut.swift */,
				40C5603A2B0B1039009E887D /* Bundle-Decodable.swift */,
				40C560402B0B121B009E887D /* astronauts.json */,
				40C5603E2B0B120B009E887D /* missions.json */,
				40C5602E2B0B0E56009E887D /* Assets.xcassets */,
				40C560302B0B0E56009E887D /* Preview Content */,
			);
			path = MoonshotNavigation;
			sourceTree = "<group>";
		};
		40C560302B0B0E56009E887D /* Preview Content */ = {
			isa = PBXGroup;
			children = (
				40C560312B0B0E56009E887D /* Preview Assets.xcassets */,
			);
			path = "Preview Content";
			sourceTree = "<group>";
		};
/* End PBXGroup section */

/* Begin PBXNativeTarget section */
		40C560262B0B0E54009E887D /* MoonshotNavigation */ = {
			isa = PBXNativeTarget;
			buildConfigurationList = 40C560352B0B0E56009E887D /* Build configuration list for PBXNativeTarget "MoonshotNavigation" */;
			buildPhases = (
				40C560232B0B0E54009E887D /* Sources */,
				40C560242B0B0E54009E887D /* Frameworks */,
				40C560252B0B0E54009E887D /* Resources */,
			);
			buildRules = (
			);
			dependencies = (
			);
			name = MoonshotNavigation;
			productName = MoonshotNavigation;
			productReference = 40C560272B0B0E54009E887D /* MoonshotNavigation.app */;
			productType = "com.apple.product-type.application";
		};
/* End PBXNativeTarget section */

/* Begin PBXProject section */
		40C5601F2B0B0E54009E887D /* Project object */ = {
			isa = PBXProject;
			attributes = {
				BuildIndependentTargetsInParallel = 1;
				LastSwiftUpdateCheck = 1500;
				LastUpgradeCheck = 1500;
				TargetAttributes = {
					40C560262B0B0E54009E887D = {
						CreatedOnToolsVersion = 15.0.1;
					};
				};
			};
			buildConfigurationList = 40C560222B0B0E54009E887D /* Build configuration list for PBXProject "MoonshotNavigation" */;
			compatibilityVersion = "Xcode 14.0";
			developmentRegion = en;
			hasScannedForEncodings = 0;
			knownRegions = (
				en,
				Base,
			);
			mainGroup = 40C5601E2B0B0E54009E887D;
			productRefGroup = 40C560282B0B0E54009E887D /* Products */;
			projectDirPath = "";
			projectRoot = "";
			targets = (
				40C560262B0B0E54009E887D /* MoonshotNavigation */,
			);
		};
/* End PBXProject section */

/* Begin PBXResourcesBuildPhase section */
		40C560252B0B0E54009E887D /* Resources */ = {
			isa = PBXResourcesBuildPhase;
			buildActionMask = 2147483647;
			files = (
				40C560322B0B0E56009E887D /* Preview Assets.xcassets in Resources */,
				40C5603F2B0B120B009E887D /* missions.json in Resources */,
				40C5602F2B0B0E56009E887D /* Assets.xcassets in Resources */,
				40C560412B0B121B009E887D /* astronauts.json in Resources */,
			);
			runOnlyForDeploymentPostprocessing = 0;
		};
/* End PBXResourcesBuildPhase section */

/* Begin PBXSourcesBuildPhase section */
		40C560232B0B0E54009E887D /* Sources */ = {
			isa = PBXSourcesBuildPhase;
			buildActionMask = 2147483647;
			files = (
				40C560452B0B1247009E887D /* GridMissionsView.swift in Sources */,
				40C560492B0B1283009E887D /* DividerView.swift in Sources */,
				40C5604D2B0B12AE009E887D /* Color-Theme.swift in Sources */,
				40C560472B0B1266009E887D /* MissionView.swift in Sources */,
				40C560392B0B1020009E887D /* Astronaut.swift in Sources */,
				40C5604B2B0B1292009E887D /* AstronautView.swift in Sources */,
				40C5604F2B0B12C4009E887D /* Mission.swift in Sources */,
				40C560432B0B122F009E887D /* MissionListItem.swift in Sources */,
				40C5603D2B0B1158009E887D /* ListMissionsView.swift in Sources */,
				40C5602D2B0B0E54009E887D /* ContentView.swift in Sources */,
				40C5602B2B0B0E54009E887D /* MoonshotNavigationApp.swift in Sources */,
				40C5603B2B0B1039009E887D /* Bundle-Decodable.swift in Sources */,
				40C560712B12C72B009E887D /* NavViewTest.swift in Sources */,
			);
			runOnlyForDeploymentPostprocessing = 0;
		};
/* End PBXSourcesBuildPhase section */

/* Begin XCBuildConfiguration section */
		40C560332B0B0E56009E887D /* Debug */ = {
			isa = XCBuildConfiguration;
			buildSettings = {
				ALWAYS_SEARCH_USER_PATHS = NO;
				ASSETCATALOG_COMPILER_GENERATE_SWIFT_ASSET_SYMBOL_EXTENSIONS = YES;
				CLANG_ANALYZER_NONNULL = YES;
				CLANG_ANALYZER_NUMBER_OBJECT_CONVERSION = YES_AGGRESSIVE;
				CLANG_CXX_LANGUAGE_STANDARD = "gnu++20";
				CLANG_ENABLE_MODULES = YES;
				CLANG_ENABLE_OBJC_ARC = YES;
				CLANG_ENABLE_OBJC_WEAK = YES;
				CLANG_WARN_BLOCK_CAPTURE_AUTORELEASING = YES;
				CLANG_WARN_BOOL_CONVERSION = YES;
				CLANG_WARN_COMMA = YES;
				CLANG_WARN_CONSTANT_CONVERSION = YES;
				CLANG_WARN_DEPRECATED_OBJC_IMPLEMENTATIONS = YES;
				CLANG_WARN_DIRECT_OBJC_ISA_USAGE = YES_ERROR;
				CLANG_WARN_DOCUMENTATION_COMMENTS = YES;
				CLANG_WARN_EMPTY_BODY = YES;
				CLANG_WARN_ENUM_CONVERSION = YES;
				CLANG_WARN_INFINITE_RECURSION = YES;
				CLANG_WARN_INT_CONVERSION = YES;
				CLANG_WARN_NON_LITERAL_NULL_CONVERSION = YES;
				CLANG_WARN_OBJC_IMPLICIT_RETAIN_SELF = YES;
				CLANG_WARN_OBJC_LITERAL_CONVERSION = YES;
				CLANG_WARN_OBJC_ROOT_CLASS = YES_ERROR;
				CLANG_WARN_QUOTED_INCLUDE_IN_FRAMEWORK_HEADER = YES;
				CLANG_WARN_RANGE_LOOP_ANALYSIS = YES;
				CLANG_WARN_STRICT_PROTOTYPES = YES;
				CLANG_WARN_SUSPICIOUS_MOVE = YES;
				CLANG_WARN_UNGUARDED_AVAILABILITY = YES_AGGRESSIVE;
				CLANG_WARN_UNREACHABLE_CODE = YES;
				CLANG_WARN__DUPLICATE_METHOD_MATCH = YES;
				COPY_PHASE_STRIP = NO;
				DEBUG_INFORMATION_FORMAT = dwarf;
				ENABLE_STRICT_OBJC_MSGSEND = YES;
				ENABLE_TESTABILITY = YES;
				ENABLE_USER_SCRIPT_SANDBOXING = YES;
				GCC_C_LANGUAGE_STANDARD = gnu17;
				GCC_DYNAMIC_NO_PIC = NO;
				GCC_NO_COMMON_BLOCKS = YES;
				GCC_OPTIMIZATION_LEVEL = 0;
				GCC_PREPROCESSOR_DEFINITIONS = (
					"DEBUG=1",
					"$(inherited)",
				);
				GCC_WARN_64_TO_32_BIT_CONVERSION = YES;
				GCC_WARN_ABOUT_RETURN_TYPE = YES_ERROR;
				GCC_WARN_UNDECLARED_SELECTOR = YES;
				GCC_WARN_UNINITIALIZED_AUTOS = YES_AGGRESSIVE;
				GCC_WARN_UNUSED_FUNCTION = YES;
				GCC_WARN_UNUSED_VARIABLE = YES;
				IPHONEOS_DEPLOYMENT_TARGET = 17.0;
				LOCALIZATION_PREFERS_STRING_CATALOGS = YES;
				MTL_ENABLE_DEBUG_INFO = INCLUDE_SOURCE;
				MTL_FAST_MATH = YES;
				ONLY_ACTIVE_ARCH = YES;
				SDKROOT = iphoneos;
				SWIFT_ACTIVE_COMPILATION_CONDITIONS = "DEBUG $(inherited)";
				SWIFT_OPTIMIZATION_LEVEL = "-Onone";
			};
			name = Debug;
		};
		40C560342B0B0E56009E887D /* Release */ = {
			isa = XCBuildConfiguration;
			buildSettings = {
				ALWAYS_SEARCH_USER_PATHS = NO;
				ASSETCATALOG_COMPILER_GENERATE_SWIFT_ASSET_SYMBOL_EXTENSIONS = YES;
				CLANG_ANALYZER_NONNULL = YES;
				CLANG_ANALYZER_NUMBER_OBJECT_CONVERSION = YES_AGGRESSIVE;
				CLANG_CXX_LANGUAGE_STANDARD = "gnu++20";
				CLANG_ENABLE_MODULES = YES;
				CLANG_ENABLE_OBJC_ARC = YES;
				CLANG_ENABLE_OBJC_WEAK = YES;
				CLANG_WARN_BLOCK_CAPTURE_AUTORELEASING = YES;
				CLANG_WARN_BOOL_CONVERSION = YES;
				CLANG_WARN_COMMA = YES;
				CLANG_WARN_CONSTANT_CONVERSION = YES;
				CLANG_WARN_DEPRECATED_OBJC_IMPLEMENTATIONS = YES;
				CLANG_WARN_DIRECT_OBJC_ISA_USAGE = YES_ERROR;
				CLANG_WARN_DOCUMENTATION_COMMENTS = YES;
				CLANG_WARN_EMPTY_BODY = YES;
				CLANG_WARN_ENUM_CONVERSION = YES;
				CLANG_WARN_INFINITE_RECURSION = YES;
				CLANG_WARN_INT_CONVERSION = YES;
				CLANG_WARN_NON_LITERAL_NULL_CONVERSION = YES;
				CLANG_WARN_OBJC_IMPLICIT_RETAIN_SELF = YES;
				CLANG_WARN_OBJC_LITERAL_CONVERSION = YES;
				CLANG_WARN_OBJC_ROOT_CLASS = YES_ERROR;
				CLANG_WARN_QUOTED_INCLUDE_IN_FRAMEWORK_HEADER = YES;
				CLANG_WARN_RANGE_LOOP_ANALYSIS = YES;
				CLANG_WARN_STRICT_PROTOTYPES = YES;
				CLANG_WARN_SUSPICIOUS_MOVE = YES;
				CLANG_WARN_UNGUARDED_AVAILABILITY = YES_AGGRESSIVE;
				CLANG_WARN_UNREACHABLE_CODE = YES;
				CLANG_WARN__DUPLICATE_METHOD_MATCH = YES;
				COPY_PHASE_STRIP = NO;
				DEBUG_INFORMATION_FORMAT = "dwarf-with-dsym";
				ENABLE_NS_ASSERTIONS = NO;
				ENABLE_STRICT_OBJC_MSGSEND = YES;
				ENABLE_USER_SCRIPT_SANDBOXING = YES;
				GCC_C_LANGUAGE_STANDARD = gnu17;
				GCC_NO_COMMON_BLOCKS = YES;
				GCC_WARN_64_TO_32_BIT_CONVERSION = YES;
				GCC_WARN_ABOUT_RETURN_TYPE = YES_ERROR;
				GCC_WARN_UNDECLARED_SELECTOR = YES;
				GCC_WARN_UNINITIALIZED_AUTOS = YES_AGGRESSIVE;
				GCC_WARN_UNUSED_FUNCTION = YES;
				GCC_WARN_UNUSED_VARIABLE = YES;
				IPHONEOS_DEPLOYMENT_TARGET = 17.0;
				LOCALIZATION_PREFERS_STRING_CATALOGS = YES;
				MTL_ENABLE_DEBUG_INFO = NO;
				MTL_FAST_MATH = YES;
				SDKROOT = iphoneos;
				SWIFT_COMPILATION_MODE = wholemodule;
				VALIDATE_PRODUCT = YES;
			};
			name = Release;
		};
		40C560362B0B0E56009E887D /* Debug */ = {
			isa = XCBuildConfiguration;
			buildSettings = {
				ASSETCATALOG_COMPILER_APPICON_NAME = AppIcon;
				ASSETCATALOG_COMPILER_GLOBAL_ACCENT_COLOR_NAME = AccentColor;
				CODE_SIGN_STYLE = Automatic;
				CURRENT_PROJECT_VERSION = 1;
				DEVELOPMENT_ASSET_PATHS = "\"MoonshotNavigation/Preview Content\"";
				ENABLE_PREVIEWS = YES;
				GENERATE_INFOPLIST_FILE = YES;
				INFOPLIST_KEY_UIApplicationSceneManifest_Generation = YES;
				INFOPLIST_KEY_UIApplicationSupportsIndirectInputEvents = YES;
				INFOPLIST_KEY_UILaunchScreen_Generation = YES;
				INFOPLIST_KEY_UISupportedInterfaceOrientations_iPad = "UIInterfaceOrientationPortrait UIInterfaceOrientationPortraitUpsideDown UIInterfaceOrientationLandscapeLeft UIInterfaceOrientationLandscapeRight";
				INFOPLIST_KEY_UISupportedInterfaceOrientations_iPhone = "UIInterfaceOrientationPortrait UIInterfaceOrientationLandscapeLeft UIInterfaceOrientationLandscapeRight";
				LD_RUNPATH_SEARCH_PATHS = (
					"$(inherited)",
					"@executable_path/Frameworks",
				);
				MARKETING_VERSION = 1.0;
				PRODUCT_BUNDLE_IDENTIFIER = io.github.henny2.MoonshotNavigation;
				PRODUCT_NAME = "$(TARGET_NAME)";
				SWIFT_EMIT_LOC_STRINGS = YES;
				SWIFT_VERSION = 5.0;
				TARGETED_DEVICE_FAMILY = "1,2";
			};
			name = Debug;
		};
		40C560372B0B0E56009E887D /* Release */ = {
			isa = XCBuildConfiguration;
			buildSettings = {
				ASSETCATALOG_COMPILER_APPICON_NAME = AppIcon;
				ASSETCATALOG_COMPILER_GLOBAL_ACCENT_COLOR_NAME = AccentColor;
				CODE_SIGN_STYLE = Automatic;
				CURRENT_PROJECT_VERSION = 1;
				DEVELOPMENT_ASSET_PATHS = "\"MoonshotNavigation/Preview Content\"";
				ENABLE_PREVIEWS = YES;
				GENERATE_INFOPLIST_FILE = YES;
				INFOPLIST_KEY_UIApplicationSceneManifest_Generation = YES;
				INFOPLIST_KEY_UIApplicationSupportsIndirectInputEvents = YES;
				INFOPLIST_KEY_UILaunchScreen_Generation = YES;
				INFOPLIST_KEY_UISupportedInterfaceOrientations_iPad = "UIInterfaceOrientationPortrait UIInterfaceOrientationPortraitUpsideDown UIInterfaceOrientationLandscapeLeft UIInterfaceOrientationLandscapeRight";
				INFOPLIST_KEY_UISupportedInterfaceOrientations_iPhone = "UIInterfaceOrientationPortrait UIInterfaceOrientationLandscapeLeft UIInterfaceOrientationLandscapeRight";
				LD_RUNPATH_SEARCH_PATHS = (
					"$(inherited)",
					"@executable_path/Frameworks",
				);
				MARKETING_VERSION = 1.0;
				PRODUCT_BUNDLE_IDENTIFIER = io.github.henny2.MoonshotNavigation;
				PRODUCT_NAME = "$(TARGET_NAME)";
				SWIFT_EMIT_LOC_STRINGS = YES;
				SWIFT_VERSION = 5.0;
				TARGETED_DEVICE_FAMILY = "1,2";
			};
			name = Release;
		};
/* End XCBuildConfiguration section */

/* Begin XCConfigurationList section */
		40C560222B0B0E54009E887D /* Build configuration list for PBXProject "MoonshotNavigation" */ = {
			isa = XCConfigurationList;
			buildConfigurations = (
				40C560332B0B0E56009E887D /* Debug */,
				40C560342B0B0E56009E887D /* Release */,
			);
			defaultConfigurationIsVisible = 0;
			defaultConfigurationName = Release;
		};
		40C560352B0B0E56009E887D /* Build configuration list for PBXNativeTarget "MoonshotNavigation" */ = {
			isa = XCConfigurationList;
			buildConfigurations = (
				40C560362B0B0E56009E887D /* Debug */,
				40C560372B0B0E56009E887D /* Release */,
			);
			defaultConfigurationIsVisible = 0;
			defaultConfigurationName = Release;
		};
/* End XCConfigurationList section */
	};
	rootObject = 40C5601F2B0B0E54009E887D /* Project object */;
}
